
Microsoft Visual Studio Solution File, Format Version 12.00
# Visual Studio Version 17
VisualStudioVersion = 17.6.33829.357
MinimumVisualStudioVersion = 10.0.40219.1
Project("{9A19103F-16F7-4668-BE54-9A1E7A4F7556}") = "Microsoft.Spark", "Microsoft.Spark\Microsoft.Spark.csproj", "{4BA7618F-6E1E-427D-BF48-10F0378C8985}"
EndProject
Project("{9A19103F-16F7-4668-BE54-9A1E7A4F7556}") = "Microsoft.Spark.Worker", "Microsoft.Spark.Worker\Microsoft.Spark.Worker.csproj", "{94AC1C5D-8D53-46D4-A754-BD43343874B8}"
EndProject
Project("{2150E333-8FDC-42A3-9474-1A3956D46DE8}") = "Extensions", "Extensions", "{30F93F1D-9898-4CAC-B4CE-42D60C2BCEC4}"
EndProject
Project("{9A19103F-16F7-4668-BE54-9A1E7A4F7556}") = "Microsoft.Spark.Extensions.Delta", "Extensions\Microsoft.Spark.Extensions.Delta\Microsoft.Spark.Extensions.Delta.csproj", "{2E4400FB-5B8C-42DF-A3C4-5ABC439FFBD5}"
EndProject
Project("{9A19103F-16F7-4668-BE54-9A1E7A4F7556}") = "Microsoft.Spark.Extensions.DotNet.Interactive", "Extensions\Microsoft.Spark.Extensions.DotNet.Interactive\Microsoft.Spark.Extensions.DotNet.Interactive.csproj", "{8C216F01-4BF7-48BC-B0BB-C222E199A8D8}"
EndProject
Project("{9A19103F-16F7-4668-BE54-9A1E7A4F7556}") = "Microsoft.Spark.Extensions.Hyperspace", "Extensions\Microsoft.Spark.Extensions.Hyperspace\Microsoft.Spark.Extensions.Hyperspace.csproj", "{8B5C81F5-74AA-4EC7-BDDF-D6F4AC953189}"
EndProject
Project("{2150E333-8FDC-42A3-9474-1A3956D46DE8}") = "Tests", "Tests", "{FE526C98-ADAE-43D3-94F5-770338F0D153}"
EndProject
Project("{2150E333-8FDC-42A3-9474-1A3956D46DE8}") = "Tests", "Tests", "{41EE95D1-1B61-40ED-95F2-964940860FD1}"
EndProject
Project("{9A19103F-16F7-4668-BE54-9A1E7A4F7556}") = "Microsoft.Spark.E2ETest", "Tests\Microsoft.Spark.E2ETest\Microsoft.Spark.E2ETest.csproj", "{7618B5AB-C6D5-465B-90DE-1B002FB89BC4}"
EndProject
Project("{9A19103F-16F7-4668-BE54-9A1E7A4F7556}") = "Microsoft.Spark.UnitTest", "Tests\Microsoft.Spark.UnitTest\Microsoft.Spark.UnitTest.csproj", "{7FF19E00-95D0-4C8D-8864-3D36181E7BD7}"
EndProject
Project("{9A19103F-16F7-4668-BE54-9A1E7A4F7556}") = "Microsoft.Spark.Worker.UnitTest", "Tests\Microsoft.Spark.Worker.UnitTest\Microsoft.Spark.Worker.UnitTest.csproj", "{8A118D41-D2F1-4C83-B750-759F8A2147CA}"
EndProject
Project("{9A19103F-16F7-4668-BE54-9A1E7A4F7556}") = "Microsoft.Spark.Extensions.Delta.E2ETest", "Extensions\Tests\Microsoft.Spark.Extensions.Delta.E2ETest\Microsoft.Spark.Extensions.Delta.E2ETest.csproj", "{58908109-0863-4F65-B2B7-78467B49056F}"
EndProject
Project("{9A19103F-16F7-4668-BE54-9A1E7A4F7556}") = "Microsoft.Spark.Extensions.DotNet.Interactive.UnitTest", "Extensions\Tests\Microsoft.Spark.Extensions.DotNet.Interactive.UnitTest\Microsoft.Spark.Extensions.DotNet.Interactive.UnitTest.csproj", "{9AC683E2-3B10-4F88-AD1F-69749748DED6}"
EndProject
Project("{9A19103F-16F7-4668-BE54-9A1E7A4F7556}") = "Microsoft.Spark.Extensions.Hyperspace.E2ETest", "Extensions\Tests\Microsoft.Spark.Extensions.Hyperspace.E2ETest\Microsoft.Spark.Extensions.Hyperspace.E2ETest.csproj", "{C3138831-AF2B-4FDB-97BF-579E7CB6D0A6}"
EndProject
Project("{FAE04EC0-301F-11D3-BF4B-00C04F79EFBC}") = "Microsoft.Spark.E2ETest.ExternalLibrary", "Tests\Microsoft.Spark.E2ETest.ExternalLibrary\Microsoft.Spark.E2ETest.ExternalLibrary.csproj", "{9BFC20FB-FB40-4F2D-8C18-D9D0B896AC92}"
EndProject
Global
	GlobalSection(SolutionConfigurationPlatforms) = preSolution
		Debug|Any CPU = Debug|Any CPU
		Release|Any CPU = Release|Any CPU
	EndGlobalSection
	GlobalSection(ProjectConfigurationPlatforms) = postSolution
		{4BA7618F-6E1E-427D-BF48-10F0378C8985}.Debug|Any CPU.ActiveCfg = Debug|Any CPU
		{4BA7618F-6E1E-427D-BF48-10F0378C8985}.Debug|Any CPU.Build.0 = Debug|Any CPU
		{4BA7618F-6E1E-427D-BF48-10F0378C8985}.Release|Any CPU.ActiveCfg = Release|Any CPU
		{4BA7618F-6E1E-427D-BF48-10F0378C8985}.Release|Any CPU.Build.0 = Release|Any CPU
		{94AC1C5D-8D53-46D4-A754-BD43343874B8}.Debug|Any CPU.ActiveCfg = Debug|Any CPU
		{94AC1C5D-8D53-46D4-A754-BD43343874B8}.Debug|Any CPU.Build.0 = Debug|Any CPU
		{94AC1C5D-8D53-46D4-A754-BD43343874B8}.Release|Any CPU.ActiveCfg = Release|Any CPU
		{94AC1C5D-8D53-46D4-A754-BD43343874B8}.Release|Any CPU.Build.0 = Release|Any CPU
		{2E4400FB-5B8C-42DF-A3C4-5ABC439FFBD5}.Debug|Any CPU.ActiveCfg = Debug|Any CPU
		{2E4400FB-5B8C-42DF-A3C4-5ABC439FFBD5}.Debug|Any CPU.Build.0 = Debug|Any CPU
		{2E4400FB-5B8C-42DF-A3C4-5ABC439FFBD5}.Release|Any CPU.ActiveCfg = Release|Any CPU
		{2E4400FB-5B8C-42DF-A3C4-5ABC439FFBD5}.Release|Any CPU.Build.0 = Release|Any CPU
		{8C216F01-4BF7-48BC-B0BB-C222E199A8D8}.Debug|Any CPU.ActiveCfg = Debug|Any CPU
		{8C216F01-4BF7-48BC-B0BB-C222E199A8D8}.Debug|Any CPU.Build.0 = Debug|Any CPU
		{8C216F01-4BF7-48BC-B0BB-C222E199A8D8}.Release|Any CPU.ActiveCfg = Release|Any CPU
		{8C216F01-4BF7-48BC-B0BB-C222E199A8D8}.Release|Any CPU.Build.0 = Release|Any CPU
		{8B5C81F5-74AA-4EC7-BDDF-D6F4AC953189}.Debug|Any CPU.ActiveCfg = Debug|Any CPU
		{8B5C81F5-74AA-4EC7-BDDF-D6F4AC953189}.Debug|Any CPU.Build.0 = Debug|Any CPU
		{8B5C81F5-74AA-4EC7-BDDF-D6F4AC953189}.Release|Any CPU.ActiveCfg = Release|Any CPU
		{8B5C81F5-74AA-4EC7-BDDF-D6F4AC953189}.Release|Any CPU.Build.0 = Release|Any CPU
		{7618B5AB-C6D5-465B-90DE-1B002FB89BC4}.Debug|Any CPU.ActiveCfg = Debug|Any CPU
		{7618B5AB-C6D5-465B-90DE-1B002FB89BC4}.Debug|Any CPU.Build.0 = Debug|Any CPU
		{7618B5AB-C6D5-465B-90DE-1B002FB89BC4}.Release|Any CPU.ActiveCfg = Release|Any CPU
		{7618B5AB-C6D5-465B-90DE-1B002FB89BC4}.Release|Any CPU.Build.0 = Release|Any CPU
		{7FF19E00-95D0-4C8D-8864-3D36181E7BD7}.Debug|Any CPU.ActiveCfg = Debug|Any CPU
		{7FF19E00-95D0-4C8D-8864-3D36181E7BD7}.Debug|Any CPU.Build.0 = Debug|Any CPU
		{7FF19E00-95D0-4C8D-8864-3D36181E7BD7}.Release|Any CPU.ActiveCfg = Release|Any CPU
		{7FF19E00-95D0-4C8D-8864-3D36181E7BD7}.Release|Any CPU.Build.0 = Release|Any CPU
		{8A118D41-D2F1-4C83-B750-759F8A2147CA}.Debug|Any CPU.ActiveCfg = Debug|Any CPU
		{8A118D41-D2F1-4C83-B750-759F8A2147CA}.Debug|Any CPU.Build.0 = Debug|Any CPU
		{8A118D41-D2F1-4C83-B750-759F8A2147CA}.Release|Any CPU.ActiveCfg = Release|Any CPU
		{8A118D41-D2F1-4C83-B750-759F8A2147CA}.Release|Any CPU.Build.0 = Release|Any CPU
		{58908109-0863-4F65-B2B7-78467B49056F}.Debug|Any CPU.ActiveCfg = Debug|Any CPU
		{58908109-0863-4F65-B2B7-78467B49056F}.Debug|Any CPU.Build.0 = Debug|Any CPU
		{58908109-0863-4F65-B2B7-78467B49056F}.Release|Any CPU.ActiveCfg = Release|Any CPU
		{58908109-0863-4F65-B2B7-78467B49056F}.Release|Any CPU.Build.0 = Release|Any CPU
		{9AC683E2-3B10-4F88-AD1F-69749748DED6}.Debug|Any CPU.ActiveCfg = Debug|Any CPU
		{9AC683E2-3B10-4F88-AD1F-69749748DED6}.Debug|Any CPU.Build.0 = Debug|Any CPU
		{9AC683E2-3B10-4F88-AD1F-69749748DED6}.Release|Any CPU.ActiveCfg = Release|Any CPU
		{9AC683E2-3B10-4F88-AD1F-69749748DED6}.Release|Any CPU.Build.0 = Release|Any CPU
		{C3138831-AF2B-4FDB-97BF-579E7CB6D0A6}.Debug|Any CPU.ActiveCfg = Debug|Any CPU
		{C3138831-AF2B-4FDB-97BF-579E7CB6D0A6}.Debug|Any CPU.Build.0 = Debug|Any CPU
		{C3138831-AF2B-4FDB-97BF-579E7CB6D0A6}.Release|Any CPU.ActiveCfg = Release|Any CPU
		{C3138831-AF2B-4FDB-97BF-579E7CB6D0A6}.Release|Any CPU.Build.0 = Release|Any CPU
		{9BFC20FB-FB40-4F2D-8C18-D9D0B896AC92}.Debug|Any CPU.ActiveCfg = Debug|Any CPU
		{9BFC20FB-FB40-4F2D-8C18-D9D0B896AC92}.Debug|Any CPU.Build.0 = Debug|Any CPU
		{9BFC20FB-FB40-4F2D-8C18-D9D0B896AC92}.Release|Any CPU.ActiveCfg = Release|Any CPU
		{9BFC20FB-FB40-4F2D-8C18-D9D0B896AC92}.Release|Any CPU.Build.0 = Release|Any CPU
	EndGlobalSection
	GlobalSection(SolutionProperties) = preSolution
		HideSolutionNode = FALSE
	EndGlobalSection
	GlobalSection(NestedProjects) = preSolution
		{2E4400FB-5B8C-42DF-A3C4-5ABC439FFBD5} = {30F93F1D-9898-4CAC-B4CE-42D60C2BCEC4}
		{8C216F01-4BF7-48BC-B0BB-C222E199A8D8} = {30F93F1D-9898-4CAC-B4CE-42D60C2BCEC4}
		{8B5C81F5-74AA-4EC7-BDDF-D6F4AC953189} = {30F93F1D-9898-4CAC-B4CE-42D60C2BCEC4}
		{FE526C98-ADAE-43D3-94F5-770338F0D153} = {30F93F1D-9898-4CAC-B4CE-42D60C2BCEC4}
		{7618B5AB-C6D5-465B-90DE-1B002FB89BC4} = {41EE95D1-1B61-40ED-95F2-964940860FD1}
		{7FF19E00-95D0-4C8D-8864-3D36181E7BD7} = {41EE95D1-1B61-40ED-95F2-964940860FD1}
		{8A118D41-D2F1-4C83-B750-759F8A2147CA} = {41EE95D1-1B61-40ED-95F2-964940860FD1}
		{58908109-0863-4F65-B2B7-78467B49056F} = {FE526C98-ADAE-43D3-94F5-770338F0D153}
		{9AC683E2-3B10-4F88-AD1F-69749748DED6} = {FE526C98-ADAE-43D3-94F5-770338F0D153}
		{C3138831-AF2B-4FDB-97BF-579E7CB6D0A6} = {FE526C98-ADAE-43D3-94F5-770338F0D153}
		{9BFC20FB-FB40-4F2D-8C18-D9D0B896AC92} = {41EE95D1-1B61-40ED-95F2-964940860FD1}
	EndGlobalSection
	GlobalSection(ExtensibilityGlobals) = postSolution
		SolutionGuid = {B2CE3EDB-D5EA-4CA1-B874-16D224511C2C}
	EndGlobalSection
EndGlobal
